
Microsoft Visual Studio Solution File, Format Version 12.00
# Visual Studio Version 16
VisualStudioVersion = 16.0.31702.278
MinimumVisualStudioVersion = 10.0.40219.1
Project("{FAE04EC0-301F-11D3-BF4B-00C04F79EFBC}") = "Task_2", "Task_2.csproj", "{B92090EB-4145-4AC8-8AB0-13F23377D573}"
EndProject
Global
	GlobalSection(SolutionConfigurationPlatforms) = preSolution
		Debug|Any CPU = Debug|Any CPU
		Release|Any CPU = Release|Any CPU
	EndGlobalSection
	GlobalSection(ProjectConfigurationPlatforms) = postSolution
		{B92090EB-4145-4AC8-8AB0-13F23377D573}.Debug|Any CPU.ActiveCfg = Debug|Any CPU
		{B92090EB-4145-4AC8-8AB0-13F23377D573}.Debug|Any CPU.Build.0 = Debug|Any CPU
		{B92090EB-4145-4AC8-8AB0-13F23377D573}.Release|Any CPU.ActiveCfg = Release|Any CPU
		{B92090EB-4145-4AC8-8AB0-13F23377D573}.Release|Any CPU.Build.0 = Release|Any CPU
	EndGlobalSection
	GlobalSection(SolutionProperties) = preSolution
		HideSolutionNode = FALSE
	EndGlobalSection
	GlobalSection(ExtensibilityGlobals) = postSolution
		SolutionGuid = {7B07C3A4-361D-49A5-A75E-FE8C61DA3636}
	EndGlobalSection
EndGlobal
